// !$*UTF8*$!
{
	archiveVersion = 1;
	classes = {
	};
	objectVersion = 56;
	objects = {

/* Begin PBXBuildFile section */
		5D3E3A7B286C8BC00053D597 /* ObtureApp.swift in Sources */ = {isa = PBXBuildFile; fileRef = 5D3E3A7A286C8BC00053D597 /* ObtureApp.swift */; };
		5D3E3A7F286C8BC10053D597 /* Assets.xcassets in Resources */ = {isa = PBXBuildFile; fileRef = 5D3E3A7E286C8BC10053D597 /* Assets.xcassets */; };
		5D3E3A82286C8BC10053D597 /* Preview Assets.xcassets in Resources */ = {isa = PBXBuildFile; fileRef = 5D3E3A81286C8BC10053D597 /* Preview Assets.xcassets */; };
		5D3E3A8A286C8DEB0053D597 /* ComposableArchitecture in Frameworks */ = {isa = PBXBuildFile; productRef = 5D3E3A89286C8DEB0053D597 /* ComposableArchitecture */; };
		5D3E3A8F286C8F500053D597 /* GetStartedView.swift in Sources */ = {isa = PBXBuildFile; fileRef = 5D3E3A8E286C8F500053D597 /* GetStartedView.swift */; };
		5D3E3A91286C8F8E0053D597 /* GetStarted.swift in Sources */ = {isa = PBXBuildFile; fileRef = 5D3E3A90286C8F8E0053D597 /* GetStarted.swift */; };
		5D3E3A96286C92130053D597 /* Obture.swift in Sources */ = {isa = PBXBuildFile; fileRef = 5D3E3A95286C92130053D597 /* Obture.swift */; };
		5D3E3A98286C92E90053D597 /* Dependencies.swift in Sources */ = {isa = PBXBuildFile; fileRef = 5D3E3A97286C92E90053D597 /* Dependencies.swift */; };
		5D3E3A9B286CA73A0053D597 /* Capture.swift in Sources */ = {isa = PBXBuildFile; fileRef = 5D3E3A9A286CA73A0053D597 /* Capture.swift */; };
		5D3E3A9D286CA7410053D597 /* CaptureView.swift in Sources */ = {isa = PBXBuildFile; fileRef = 5D3E3A9C286CA7410053D597 /* CaptureView.swift */; };
		5D3E3AA0286CA7C70053D597 /* Permissions.swift in Sources */ = {isa = PBXBuildFile; fileRef = 5D3E3A9F286CA7C70053D597 /* Permissions.swift */; };
		5D3E3AA6286CA8130053D597 /* PermissionsView.swift in Sources */ = {isa = PBXBuildFile; fileRef = 5D3E3AA5286CA8130053D597 /* PermissionsView.swift */; };
		5D3E3AB0286F5DED0053D597 /* Camera.swift in Sources */ = {isa = PBXBuildFile; fileRef = 5D3E3AAF286F5DED0053D597 /* Camera.swift */; };
		5D3E3AB2286F60A20053D597 /* CameraView.swift in Sources */ = {isa = PBXBuildFile; fileRef = 5D3E3AB1286F60A20053D597 /* CameraView.swift */; };
		5D4083A32876D9C8000BB24F /* Common in Frameworks */ = {isa = PBXBuildFile; productRef = 5D4083A22876D9C8000BB24F /* Common */; };
		5D4083A52876D9C8000BB24F /* Project in Frameworks */ = {isa = PBXBuildFile; productRef = 5D4083A42876D9C8000BB24F /* Project */; };
		5D48C47F2876E20B00082591 /* Project.ExporterImpl.swift in Sources */ = {isa = PBXBuildFile; fileRef = 5D48C47E2876E20B00082591 /* Project.ExporterImpl.swift */; };
		5D48C4812876E2DF00082591 /* Node.CapturedPhotoWriterImpl.swift in Sources */ = {isa = PBXBuildFile; fileRef = 5D48C4802876E2DF00082591 /* Node.CapturedPhotoWriterImpl.swift */; };
		5D48C4832876E31E00082591 /* Node in Frameworks */ = {isa = PBXBuildFile; productRef = 5D48C4822876E31E00082591 /* Node */; };
		5D497BBA28776DEC009E2E7C /* PhotogrammetryView.swift in Sources */ = {isa = PBXBuildFile; fileRef = 5D497BB928776DEC009E2E7C /* PhotogrammetryView.swift */; };
		5D6A271D2879F96E00D96552 /* PreviewView.swift in Sources */ = {isa = PBXBuildFile; fileRef = 5D6A271C2879F96E00D96552 /* PreviewView.swift */; };
		5D6A2724287A361A00D96552 /* Preview in Frameworks */ = {isa = PBXBuildFile; productRef = 5D6A2723287A361A00D96552 /* Preview */; };
		5D6A2726287A361A00D96552 /* ViewSettings in Frameworks */ = {isa = PBXBuildFile; productRef = 5D6A2725287A361A00D96552 /* ViewSettings */; };
		5D6AB31D286FFDFC0060142B /* CameraSession.swift in Sources */ = {isa = PBXBuildFile; fileRef = 5D6AB31C286FFDFC0060142B /* CameraSession.swift */; };
		5D7E63EE287998F6008D4175 /* ExifMetadataExtract.swift in Sources */ = {isa = PBXBuildFile; fileRef = 5D7E63ED287998F6008D4175 /* ExifMetadataExtract.swift */; };
		5DAEA453287059500001791A /* SessionConfigurator.swift in Sources */ = {isa = PBXBuildFile; fileRef = 5DAEA452287059500001791A /* SessionConfigurator.swift */; };
		5DAEA4552870722B0001791A /* CameraPreviewView.swift in Sources */ = {isa = PBXBuildFile; fileRef = 5DAEA4542870722B0001791A /* CameraPreviewView.swift */; };
		5DAEA45728715D710001791A /* CameraSessionView.swift in Sources */ = {isa = PBXBuildFile; fileRef = 5DAEA45628715D710001791A /* CameraSessionView.swift */; };
		5DB15C702877755100A95EFD /* NSImage+PhotogrammetrySession.swift in Sources */ = {isa = PBXBuildFile; fileRef = 5DB15C6F2877755100A95EFD /* NSImage+PhotogrammetrySession.swift */; };
		5DB31D572872B2A100B159F5 /* CaptureButton.swift in Sources */ = {isa = PBXBuildFile; fileRef = 5DB31D562872B2A100B159F5 /* CaptureButton.swift */; };
		5DB31D592872E19D00B159F5 /* PhotoCaptureDelegate.swift in Sources */ = {isa = PBXBuildFile; fileRef = 5DB31D582872E19D00B159F5 /* PhotoCaptureDelegate.swift */; };
		5DB31D5C2872F4CE00B159F5 /* Motion.swift in Sources */ = {isa = PBXBuildFile; fileRef = 5DB31D5B2872F4CE00B159F5 /* Motion.swift */; };
		5DBC6E632876E5AC00F66586 /* Obture_macOSApp.swift in Sources */ = {isa = PBXBuildFile; fileRef = 5DBC6E622876E5AC00F66586 /* Obture_macOSApp.swift */; };
		5DBC6E672876E5AD00F66586 /* Assets.xcassets in Resources */ = {isa = PBXBuildFile; fileRef = 5DBC6E662876E5AD00F66586 /* Assets.xcassets */; };
		5DBC6E6A2876E5AD00F66586 /* Preview Assets.xcassets in Resources */ = {isa = PBXBuildFile; fileRef = 5DBC6E692876E5AD00F66586 /* Preview Assets.xcassets */; };
		5DBC6E702876E5C800F66586 /* Common in Frameworks */ = {isa = PBXBuildFile; productRef = 5DBC6E6F2876E5C800F66586 /* Common */; };
		5DBC6E722876E5C800F66586 /* Node in Frameworks */ = {isa = PBXBuildFile; productRef = 5DBC6E712876E5C800F66586 /* Node */; };
		5DBC6E742876E5C800F66586 /* Project in Frameworks */ = {isa = PBXBuildFile; productRef = 5DBC6E732876E5C800F66586 /* Project */; };
		5DBC6E762876E5C800F66586 /* ComposableArchitecture in Frameworks */ = {isa = PBXBuildFile; productRef = 5DBC6E752876E5C800F66586 /* ComposableArchitecture */; };
		5DBC6E7A2876E81A00F66586 /* CameraSession.SessionConfigurator.swift in Sources */ = {isa = PBXBuildFile; fileRef = 5DBC6E792876E81A00F66586 /* CameraSession.SessionConfigurator.swift */; };
		5DBC6E7C2876E8DE00F66586 /* CameraSession.PhotoTaker.swift in Sources */ = {isa = PBXBuildFile; fileRef = 5DBC6E7B2876E8DE00F66586 /* CameraSession.PhotoTaker.swift */; };
		5DBC6E7F2876E98C00F66586 /* Obture.swift in Sources */ = {isa = PBXBuildFile; fileRef = 5DBC6E7E2876E98C00F66586 /* Obture.swift */; };
		5DBC6E822876EABE00F66586 /* Setup.swift in Sources */ = {isa = PBXBuildFile; fileRef = 5DBC6E812876EABE00F66586 /* Setup.swift */; };
		5DBC6E862876EACC00F66586 /* SetupView.swift in Sources */ = {isa = PBXBuildFile; fileRef = 5DBC6E852876EACC00F66586 /* SetupView.swift */; };
		5DBC6E872876ED8F00F66586 /* Dependencies.swift in Sources */ = {isa = PBXBuildFile; fileRef = 5DBC6E782876E7D100F66586 /* Dependencies.swift */; };
		5DBC6E8C2876F09000F66586 /* Photogrammetry.swift in Sources */ = {isa = PBXBuildFile; fileRef = 5DBC6E8B2876F09000F66586 /* Photogrammetry.swift */; };
		5DBC6E8F2876F43E00F66586 /* FileSelection.swift in Sources */ = {isa = PBXBuildFile; fileRef = 5DBC6E8E2876F43E00F66586 /* FileSelection.swift */; };
		5DBC6E912876F4E100F66586 /* FileSelectionView.swift in Sources */ = {isa = PBXBuildFile; fileRef = 5DBC6E902876F4E100F66586 /* FileSelectionView.swift */; };
		5DBC6E942876F87C00F66586 /* Unpack.swift in Sources */ = {isa = PBXBuildFile; fileRef = 5DBC6E932876F87C00F66586 /* Unpack.swift */; };
		5DBC6E962876FEAF00F66586 /* UnpackView.swift in Sources */ = {isa = PBXBuildFile; fileRef = 5DBC6E952876FEAF00F66586 /* UnpackView.swift */; };
		5DC464C4287727320069F647 /* ZIPFoundation in Frameworks */ = {isa = PBXBuildFile; productRef = 5DC464C3287727320069F647 /* ZIPFoundation */; };
		5DC464C6287727430069F647 /* ZIPFoundation in Frameworks */ = {isa = PBXBuildFile; productRef = 5DC464C5287727430069F647 /* ZIPFoundation */; };
		5DC464CB28775FBE0069F647 /* Files in Frameworks */ = {isa = PBXBuildFile; productRef = 5DC464CA28775FBE0069F647 /* Files */; };
		5DC464CD287763540069F647 /* SessionHolder.swift in Sources */ = {isa = PBXBuildFile; fileRef = 5DC464CC287763540069F647 /* SessionHolder.swift */; };
		5DC464CF287769B60069F647 /* Photogrammetry.SessionHolderImpl.swift in Sources */ = {isa = PBXBuildFile; fileRef = 5DC464CE287769B60069F647 /* Photogrammetry.SessionHolderImpl.swift */; };
/* End PBXBuildFile section */

/* Begin PBXFileReference section */
		5D1DAE382873651300E836AB /* Readme.md */ = {isa = PBXFileReference; lastKnownFileType = net.daringfireball.markdown; path = Readme.md; sourceTree = "<group>"; };
		5D1DAE4028760AD400E836AB /* RealityKit.framework */ = {isa = PBXFileReference; lastKnownFileType = wrapper.framework; name = RealityKit.framework; path = System/Library/Frameworks/RealityKit.framework; sourceTree = SDKROOT; };
		5D3E3A77286C8BC00053D597 /* Obture.app */ = {isa = PBXFileReference; explicitFileType = wrapper.application; includeInIndex = 0; path = Obture.app; sourceTree = BUILT_PRODUCTS_DIR; };
		5D3E3A7A286C8BC00053D597 /* ObtureApp.swift */ = {isa = PBXFileReference; lastKnownFileType = sourcecode.swift; path = ObtureApp.swift; sourceTree = "<group>"; };
		5D3E3A7E286C8BC10053D597 /* Assets.xcassets */ = {isa = PBXFileReference; lastKnownFileType = folder.assetcatalog; path = Assets.xcassets; sourceTree = "<group>"; };
		5D3E3A81286C8BC10053D597 /* Preview Assets.xcassets */ = {isa = PBXFileReference; lastKnownFileType = folder.assetcatalog; path = "Preview Assets.xcassets"; sourceTree = "<group>"; };
		5D3E3A8E286C8F500053D597 /* GetStartedView.swift */ = {isa = PBXFileReference; lastKnownFileType = sourcecode.swift; path = GetStartedView.swift; sourceTree = "<group>"; };
		5D3E3A90286C8F8E0053D597 /* GetStarted.swift */ = {isa = PBXFileReference; lastKnownFileType = sourcecode.swift; path = GetStarted.swift; sourceTree = "<group>"; };
		5D3E3A95286C92130053D597 /* Obture.swift */ = {isa = PBXFileReference; lastKnownFileType = sourcecode.swift; path = Obture.swift; sourceTree = "<group>"; };
		5D3E3A97286C92E90053D597 /* Dependencies.swift */ = {isa = PBXFileReference; lastKnownFileType = sourcecode.swift; path = Dependencies.swift; sourceTree = "<group>"; };
		5D3E3A9A286CA73A0053D597 /* Capture.swift */ = {isa = PBXFileReference; lastKnownFileType = sourcecode.swift; path = Capture.swift; sourceTree = "<group>"; };
		5D3E3A9C286CA7410053D597 /* CaptureView.swift */ = {isa = PBXFileReference; lastKnownFileType = sourcecode.swift; path = CaptureView.swift; sourceTree = "<group>"; };
		5D3E3A9F286CA7C70053D597 /* Permissions.swift */ = {isa = PBXFileReference; lastKnownFileType = sourcecode.swift; path = Permissions.swift; sourceTree = "<group>"; };
		5D3E3AA5286CA8130053D597 /* PermissionsView.swift */ = {isa = PBXFileReference; lastKnownFileType = sourcecode.swift; path = PermissionsView.swift; sourceTree = "<group>"; };
		5D3E3AAF286F5DED0053D597 /* Camera.swift */ = {isa = PBXFileReference; lastKnownFileType = sourcecode.swift; path = Camera.swift; sourceTree = "<group>"; };
		5D3E3AB1286F60A20053D597 /* CameraView.swift */ = {isa = PBXFileReference; lastKnownFileType = sourcecode.swift; path = CameraView.swift; sourceTree = "<group>"; };
		5D4083A02876D6B0000BB24F /* Project */ = {isa = PBXFileReference; lastKnownFileType = wrapper; path = Project; sourceTree = "<group>"; };
		5D4083A12876D776000BB24F /* Common */ = {isa = PBXFileReference; lastKnownFileType = wrapper; path = Common; sourceTree = "<group>"; };
		5D48C47E2876E20B00082591 /* Project.ExporterImpl.swift */ = {isa = PBXFileReference; lastKnownFileType = sourcecode.swift; path = Project.ExporterImpl.swift; sourceTree = "<group>"; };
		5D48C4802876E2DF00082591 /* Node.CapturedPhotoWriterImpl.swift */ = {isa = PBXFileReference; lastKnownFileType = sourcecode.swift; path = Node.CapturedPhotoWriterImpl.swift; sourceTree = "<group>"; };
		5D497BB928776DEC009E2E7C /* PhotogrammetryView.swift */ = {isa = PBXFileReference; lastKnownFileType = sourcecode.swift; path = PhotogrammetryView.swift; sourceTree = "<group>"; };
		5D4CE32E28761E4000F7F428 /* RealityKit.framework */ = {isa = PBXFileReference; lastKnownFileType = wrapper.framework; path = RealityKit.framework; sourceTree = "<group>"; };
		5D4CE32F28761E4000F7F428 /* RealityFoundation.framework */ = {isa = PBXFileReference; lastKnownFileType = wrapper.framework; path = RealityFoundation.framework; sourceTree = "<group>"; };
		5D6A271C2879F96E00D96552 /* PreviewView.swift */ = {isa = PBXFileReference; lastKnownFileType = sourcecode.swift; path = PreviewView.swift; sourceTree = "<group>"; };
		5D6A2722287A342600D96552 /* Preview */ = {isa = PBXFileReference; lastKnownFileType = wrapper; path = Preview; sourceTree = "<group>"; };
		5D6AB31C286FFDFC0060142B /* CameraSession.swift */ = {isa = PBXFileReference; lastKnownFileType = sourcecode.swift; path = CameraSession.swift; sourceTree = "<group>"; };
		5D7E63ED287998F6008D4175 /* ExifMetadataExtract.swift */ = {isa = PBXFileReference; lastKnownFileType = sourcecode.swift; path = ExifMetadataExtract.swift; sourceTree = "<group>"; };
		5DAEA452287059500001791A /* SessionConfigurator.swift */ = {isa = PBXFileReference; lastKnownFileType = sourcecode.swift; path = SessionConfigurator.swift; sourceTree = "<group>"; };
		5DAEA4542870722B0001791A /* CameraPreviewView.swift */ = {isa = PBXFileReference; lastKnownFileType = sourcecode.swift; path = CameraPreviewView.swift; sourceTree = "<group>"; };
		5DAEA45628715D710001791A /* CameraSessionView.swift */ = {isa = PBXFileReference; lastKnownFileType = sourcecode.swift; path = CameraSessionView.swift; sourceTree = "<group>"; };
		5DB15C6F2877755100A95EFD /* NSImage+PhotogrammetrySession.swift */ = {isa = PBXFileReference; lastKnownFileType = sourcecode.swift; path = "NSImage+PhotogrammetrySession.swift"; sourceTree = "<group>"; };
		5DB31D562872B2A100B159F5 /* CaptureButton.swift */ = {isa = PBXFileReference; lastKnownFileType = sourcecode.swift; path = CaptureButton.swift; sourceTree = "<group>"; };
		5DB31D582872E19D00B159F5 /* PhotoCaptureDelegate.swift */ = {isa = PBXFileReference; lastKnownFileType = sourcecode.swift; path = PhotoCaptureDelegate.swift; sourceTree = "<group>"; };
		5DB31D5B2872F4CE00B159F5 /* Motion.swift */ = {isa = PBXFileReference; lastKnownFileType = sourcecode.swift; path = Motion.swift; sourceTree = "<group>"; };
		5DBC6E602876E5AB00F66586 /* Obture-macOS.app */ = {isa = PBXFileReference; explicitFileType = wrapper.application; includeInIndex = 0; path = "Obture-macOS.app"; sourceTree = BUILT_PRODUCTS_DIR; };
		5DBC6E622876E5AC00F66586 /* Obture_macOSApp.swift */ = {isa = PBXFileReference; lastKnownFileType = sourcecode.swift; path = Obture_macOSApp.swift; sourceTree = "<group>"; };
		5DBC6E662876E5AD00F66586 /* Assets.xcassets */ = {isa = PBXFileReference; lastKnownFileType = folder.assetcatalog; path = Assets.xcassets; sourceTree = "<group>"; };
		5DBC6E692876E5AD00F66586 /* Preview Assets.xcassets */ = {isa = PBXFileReference; lastKnownFileType = folder.assetcatalog; path = "Preview Assets.xcassets"; sourceTree = "<group>"; };
		5DBC6E6B2876E5AD00F66586 /* Obture_macOS.entitlements */ = {isa = PBXFileReference; lastKnownFileType = text.plist.entitlements; path = Obture_macOS.entitlements; sourceTree = "<group>"; };
		5DBC6E782876E7D100F66586 /* Dependencies.swift */ = {isa = PBXFileReference; lastKnownFileType = sourcecode.swift; path = Dependencies.swift; sourceTree = "<group>"; };
		5DBC6E792876E81A00F66586 /* CameraSession.SessionConfigurator.swift */ = {isa = PBXFileReference; lastKnownFileType = sourcecode.swift; path = CameraSession.SessionConfigurator.swift; sourceTree = "<group>"; };
		5DBC6E7B2876E8DE00F66586 /* CameraSession.PhotoTaker.swift */ = {isa = PBXFileReference; lastKnownFileType = sourcecode.swift; path = CameraSession.PhotoTaker.swift; sourceTree = "<group>"; };
		5DBC6E7E2876E98C00F66586 /* Obture.swift */ = {isa = PBXFileReference; lastKnownFileType = sourcecode.swift; path = Obture.swift; sourceTree = "<group>"; };
		5DBC6E812876EABE00F66586 /* Setup.swift */ = {isa = PBXFileReference; lastKnownFileType = sourcecode.swift; path = Setup.swift; sourceTree = "<group>"; };
		5DBC6E852876EACC00F66586 /* SetupView.swift */ = {isa = PBXFileReference; lastKnownFileType = sourcecode.swift; path = SetupView.swift; sourceTree = "<group>"; };
		5DBC6E8B2876F09000F66586 /* Photogrammetry.swift */ = {isa = PBXFileReference; lastKnownFileType = sourcecode.swift; path = Photogrammetry.swift; sourceTree = "<group>"; };
		5DBC6E8E2876F43E00F66586 /* FileSelection.swift */ = {isa = PBXFileReference; lastKnownFileType = sourcecode.swift; path = FileSelection.swift; sourceTree = "<group>"; };
		5DBC6E902876F4E100F66586 /* FileSelectionView.swift */ = {isa = PBXFileReference; lastKnownFileType = sourcecode.swift; path = FileSelectionView.swift; sourceTree = "<group>"; };
		5DBC6E932876F87C00F66586 /* Unpack.swift */ = {isa = PBXFileReference; lastKnownFileType = sourcecode.swift; path = Unpack.swift; sourceTree = "<group>"; };
		5DBC6E952876FEAF00F66586 /* UnpackView.swift */ = {isa = PBXFileReference; lastKnownFileType = sourcecode.swift; path = UnpackView.swift; sourceTree = "<group>"; };
		5DC464CC287763540069F647 /* SessionHolder.swift */ = {isa = PBXFileReference; lastKnownFileType = sourcecode.swift; path = SessionHolder.swift; sourceTree = "<group>"; };
		5DC464CE287769B60069F647 /* Photogrammetry.SessionHolderImpl.swift */ = {isa = PBXFileReference; lastKnownFileType = sourcecode.swift; path = Photogrammetry.SessionHolderImpl.swift; sourceTree = "<group>"; };
/* End PBXFileReference section */

/* Begin PBXFrameworksBuildPhase section */
		5D3E3A74286C8BC00053D597 /* Frameworks */ = {
			isa = PBXFrameworksBuildPhase;
			buildActionMask = 2147483647;
			files = (
				5D4083A52876D9C8000BB24F /* Project in Frameworks */,
				5D3E3A8A286C8DEB0053D597 /* ComposableArchitecture in Frameworks */,
				5D48C4832876E31E00082591 /* Node in Frameworks */,
				5D4083A32876D9C8000BB24F /* Common in Frameworks */,
				5DC464C4287727320069F647 /* ZIPFoundation in Frameworks */,
			);
			runOnlyForDeploymentPostprocessing = 0;
		};
		5DBC6E5D2876E5AB00F66586 /* Frameworks */ = {
			isa = PBXFrameworksBuildPhase;
			buildActionMask = 2147483647;
			files = (
				5D6A2726287A361A00D96552 /* ViewSettings in Frameworks */,
				5DC464CB28775FBE0069F647 /* Files in Frameworks */,
				5DBC6E742876E5C800F66586 /* Project in Frameworks */,
				5D6A2724287A361A00D96552 /* Preview in Frameworks */,
				5DBC6E722876E5C800F66586 /* Node in Frameworks */,
				5DBC6E762876E5C800F66586 /* ComposableArchitecture in Frameworks */,
				5DBC6E702876E5C800F66586 /* Common in Frameworks */,
				5DC464C6287727430069F647 /* ZIPFoundation in Frameworks */,
			);
			runOnlyForDeploymentPostprocessing = 0;
		};
/* End PBXFrameworksBuildPhase section */

/* Begin PBXGroup section */
		5D1DAE3F28760AD400E836AB /* Frameworks */ = {
			isa = PBXGroup;
			children = (
				5D4CE32F28761E4000F7F428 /* RealityFoundation.framework */,
				5D4CE32E28761E4000F7F428 /* RealityKit.framework */,
				5D1DAE4028760AD400E836AB /* RealityKit.framework */,
			);
			name = Frameworks;
			sourceTree = "<group>";
		};
		5D3E3A6E286C8BC00053D597 = {
			isa = PBXGroup;
			children = (
				5D6A2722287A342600D96552 /* Preview */,
				5D4083A12876D776000BB24F /* Common */,
				5D4083A02876D6B0000BB24F /* Project */,
				5D1DAE382873651300E836AB /* Readme.md */,
				5D3E3A79286C8BC00053D597 /* Obture */,
				5DBC6E612876E5AC00F66586 /* Obture-macOS */,
				5D3E3A78286C8BC00053D597 /* Products */,
				5D1DAE3F28760AD400E836AB /* Frameworks */,
			);
			sourceTree = "<group>";
		};
		5D3E3A78286C8BC00053D597 /* Products */ = {
			isa = PBXGroup;
			children = (
				5D3E3A77286C8BC00053D597 /* Obture.app */,
				5DBC6E602876E5AB00F66586 /* Obture-macOS.app */,
			);
			name = Products;
			sourceTree = "<group>";
		};
		5D3E3A79286C8BC00053D597 /* Obture */ = {
			isa = PBXGroup;
			children = (
				5D3E3A95286C92130053D597 /* Obture.swift */,
				5D3E3A7A286C8BC00053D597 /* ObtureApp.swift */,
				5D48C47D2876E1C500082591 /* Dependencies */,
				5D3E3A8C286C8F140053D597 /* Feature */,
				5D3E3A7E286C8BC10053D597 /* Assets.xcassets */,
				5D3E3A80286C8BC10053D597 /* Preview Content */,
			);
			path = Obture;
			sourceTree = "<group>";
		};
		5D3E3A80286C8BC10053D597 /* Preview Content */ = {
			isa = PBXGroup;
			children = (
				5D3E3A81286C8BC10053D597 /* Preview Assets.xcassets */,
			);
			path = "Preview Content";
			sourceTree = "<group>";
		};
		5D3E3A8C286C8F140053D597 /* Feature */ = {
			isa = PBXGroup;
			children = (
				5D3E3A99286CA7260053D597 /* Capture */,
				5D3E3A8D286C8F240053D597 /* GetStarted */,
			);
			path = Feature;
			sourceTree = "<group>";
		};
		5D3E3A8D286C8F240053D597 /* GetStarted */ = {
			isa = PBXGroup;
			children = (
				5D3E3A90286C8F8E0053D597 /* GetStarted.swift */,
				5D3E3A8E286C8F500053D597 /* GetStartedView.swift */,
			);
			path = GetStarted;
			sourceTree = "<group>";
		};
		5D3E3A99286CA7260053D597 /* Capture */ = {
			isa = PBXGroup;
			children = (
				5D3E3A9A286CA73A0053D597 /* Capture.swift */,
				5D3E3A9C286CA7410053D597 /* CaptureView.swift */,
				5DB31D562872B2A100B159F5 /* CaptureButton.swift */,
				5D3E3AAE286F5DDF0053D597 /* Camera */,
				5DB31D5A2872F4C200B159F5 /* Motion */,
			);
			path = Capture;
			sourceTree = "<group>";
		};
		5D3E3AAE286F5DDF0053D597 /* Camera */ = {
			isa = PBXGroup;
			children = (
				5D3E3AAF286F5DED0053D597 /* Camera.swift */,
				5D3E3AB1286F60A20053D597 /* CameraView.swift */,
				5D6AB31C286FFDFC0060142B /* CameraSession.swift */,
				5DAEA45628715D710001791A /* CameraSessionView.swift */,
				5DAEA452287059500001791A /* SessionConfigurator.swift */,
				5D3E3A9F286CA7C70053D597 /* Permissions.swift */,
				5D3E3AA5286CA8130053D597 /* PermissionsView.swift */,
				5DAEA4542870722B0001791A /* CameraPreviewView.swift */,
			);
			path = Camera;
			sourceTree = "<group>";
		};
		5D48C47D2876E1C500082591 /* Dependencies */ = {
			isa = PBXGroup;
			children = (
				5D3E3A97286C92E90053D597 /* Dependencies.swift */,
				5D48C47E2876E20B00082591 /* Project.ExporterImpl.swift */,
				5D48C4802876E2DF00082591 /* Node.CapturedPhotoWriterImpl.swift */,
				5DBC6E792876E81A00F66586 /* CameraSession.SessionConfigurator.swift */,
				5DBC6E7B2876E8DE00F66586 /* CameraSession.PhotoTaker.swift */,
				5DB31D582872E19D00B159F5 /* PhotoCaptureDelegate.swift */,
			);
			path = Dependencies;
			sourceTree = "<group>";
		};
		5D6A27192879F45E00D96552 /* Preview */ = {
			isa = PBXGroup;
			children = (
				5D6A271C2879F96E00D96552 /* PreviewView.swift */,
			);
			path = Preview;
			sourceTree = "<group>";
		};
		5DB31D5A2872F4C200B159F5 /* Motion */ = {
			isa = PBXGroup;
			children = (
				5DB31D5B2872F4CE00B159F5 /* Motion.swift */,
			);
			path = Motion;
			sourceTree = "<group>";
		};
		5DBC6E612876E5AC00F66586 /* Obture-macOS */ = {
			isa = PBXGroup;
			children = (
				5DBC6E7E2876E98C00F66586 /* Obture.swift */,
				5DBC6E622876E5AC00F66586 /* Obture_macOSApp.swift */,
				5DBC6E772876E7B200F66586 /* Dependencies */,
				5DBC6E7D2876E96100F66586 /* Feature */,
				5DBC6E662876E5AD00F66586 /* Assets.xcassets */,
				5DBC6E6B2876E5AD00F66586 /* Obture_macOS.entitlements */,
				5DBC6E682876E5AD00F66586 /* Preview Content */,
			);
			path = "Obture-macOS";
			sourceTree = "<group>";
		};
		5DBC6E682876E5AD00F66586 /* Preview Content */ = {
			isa = PBXGroup;
			children = (
				5DBC6E692876E5AD00F66586 /* Preview Assets.xcassets */,
			);
			path = "Preview Content";
			sourceTree = "<group>";
		};
		5DBC6E772876E7B200F66586 /* Dependencies */ = {
			isa = PBXGroup;
			children = (
				5DBC6E782876E7D100F66586 /* Dependencies.swift */,
				5DC464CE287769B60069F647 /* Photogrammetry.SessionHolderImpl.swift */,
				5DB15C6F2877755100A95EFD /* NSImage+PhotogrammetrySession.swift */,
				5D7E63ED287998F6008D4175 /* ExifMetadataExtract.swift */,
			);
			path = Dependencies;
			sourceTree = "<group>";
		};
		5DBC6E7D2876E96100F66586 /* Feature */ = {
			isa = PBXGroup;
			children = (
				5DBC6E922876F87400F66586 /* Unpack */,
				5DBC6E802876EA9D00F66586 /* Setup */,
				5DBC6E8D2876F42800F66586 /* FileSelection */,
				5DBC6E8A2876F08100F66586 /* Photogrammetry */,
				5D6A27192879F45E00D96552 /* Preview */,
			);
			path = Feature;
			sourceTree = "<group>";
		};
		5DBC6E802876EA9D00F66586 /* Setup */ = {
			isa = PBXGroup;
			children = (
				5DBC6E812876EABE00F66586 /* Setup.swift */,
				5DBC6E852876EACC00F66586 /* SetupView.swift */,
			);
			path = Setup;
			sourceTree = "<group>";
		};
		5DBC6E8A2876F08100F66586 /* Photogrammetry */ = {
			isa = PBXGroup;
			children = (
				5DBC6E8B2876F09000F66586 /* Photogrammetry.swift */,
				5DC464CC287763540069F647 /* SessionHolder.swift */,
				5D497BB928776DEC009E2E7C /* PhotogrammetryView.swift */,
			);
			path = Photogrammetry;
			sourceTree = "<group>";
		};
		5DBC6E8D2876F42800F66586 /* FileSelection */ = {
			isa = PBXGroup;
			children = (
				5DBC6E8E2876F43E00F66586 /* FileSelection.swift */,
				5DBC6E902876F4E100F66586 /* FileSelectionView.swift */,
			);
			path = FileSelection;
			sourceTree = "<group>";
		};
		5DBC6E922876F87400F66586 /* Unpack */ = {
			isa = PBXGroup;
			children = (
				5DBC6E932876F87C00F66586 /* Unpack.swift */,
				5DBC6E952876FEAF00F66586 /* UnpackView.swift */,
			);
			path = Unpack;
			sourceTree = "<group>";
		};
/* End PBXGroup section */

/* Begin PBXNativeTarget section */
		5D3E3A76286C8BC00053D597 /* Obture */ = {
			isa = PBXNativeTarget;
			buildConfigurationList = 5D3E3A85286C8BC10053D597 /* Build configuration list for PBXNativeTarget "Obture" */;
			buildPhases = (
				5D3E3A73286C8BC00053D597 /* Sources */,
				5D3E3A74286C8BC00053D597 /* Frameworks */,
				5D3E3A75286C8BC00053D597 /* Resources */,
			);
			buildRules = (
			);
			dependencies = (
			);
			name = Obture;
			packageProductDependencies = (
				5D3E3A89286C8DEB0053D597 /* ComposableArchitecture */,
				5D4083A22876D9C8000BB24F /* Common */,
				5D4083A42876D9C8000BB24F /* Project */,
				5D48C4822876E31E00082591 /* Node */,
				5DC464C3287727320069F647 /* ZIPFoundation */,
			);
			productName = Obture;
			productReference = 5D3E3A77286C8BC00053D597 /* Obture.app */;
			productType = "com.apple.product-type.application";
		};
		5DBC6E5F2876E5AB00F66586 /* Obture-macOS */ = {
			isa = PBXNativeTarget;
			buildConfigurationList = 5DBC6E6C2876E5AD00F66586 /* Build configuration list for PBXNativeTarget "Obture-macOS" */;
			buildPhases = (
				5DBC6E5C2876E5AB00F66586 /* Sources */,
				5DBC6E5D2876E5AB00F66586 /* Frameworks */,
				5DBC6E5E2876E5AB00F66586 /* Resources */,
			);
			buildRules = (
			);
			dependencies = (
			);
			name = "Obture-macOS";
			packageProductDependencies = (
				5DBC6E6F2876E5C800F66586 /* Common */,
				5DBC6E712876E5C800F66586 /* Node */,
				5DBC6E732876E5C800F66586 /* Project */,
				5DBC6E752876E5C800F66586 /* ComposableArchitecture */,
				5DC464C5287727430069F647 /* ZIPFoundation */,
				5DC464CA28775FBE0069F647 /* Files */,
				5D6A2723287A361A00D96552 /* Preview */,
				5D6A2725287A361A00D96552 /* ViewSettings */,
			);
			productName = "Obture-macOS";
			productReference = 5DBC6E602876E5AB00F66586 /* Obture-macOS.app */;
			productType = "com.apple.product-type.application";
		};
/* End PBXNativeTarget section */

/* Begin PBXProject section */
		5D3E3A6F286C8BC00053D597 /* Project object */ = {
			isa = PBXProject;
			attributes = {
				BuildIndependentTargetsInParallel = 1;
				LastSwiftUpdateCheck = 1400;
				LastUpgradeCheck = 1400;
				TargetAttributes = {
					5D3E3A76286C8BC00053D597 = {
						CreatedOnToolsVersion = 14.0;
					};
					5DBC6E5F2876E5AB00F66586 = {
						CreatedOnToolsVersion = 14.0;
					};
				};
			};
			buildConfigurationList = 5D3E3A72286C8BC00053D597 /* Build configuration list for PBXProject "Obture" */;
			compatibilityVersion = "Xcode 14.0";
			developmentRegion = en;
			hasScannedForEncodings = 0;
			knownRegions = (
				en,
				Base,
			);
			mainGroup = 5D3E3A6E286C8BC00053D597;
			packageReferences = (
				5D3E3A88286C8DEB0053D597 /* XCRemoteSwiftPackageReference "swift-composable-architecture" */,
				5DC464C2287727320069F647 /* XCRemoteSwiftPackageReference "ZIPFoundation" */,
				5DC464C728775FA90069F647 /* XCRemoteSwiftPackageReference "Files" */,
			);
			productRefGroup = 5D3E3A78286C8BC00053D597 /* Products */;
			projectDirPath = "";
			projectRoot = "";
			targets = (
				5D3E3A76286C8BC00053D597 /* Obture */,
				5DBC6E5F2876E5AB00F66586 /* Obture-macOS */,
			);
		};
/* End PBXProject section */

/* Begin PBXResourcesBuildPhase section */
		5D3E3A75286C8BC00053D597 /* Resources */ = {
			isa = PBXResourcesBuildPhase;
			buildActionMask = 2147483647;
			files = (
				5D3E3A82286C8BC10053D597 /* Preview Assets.xcassets in Resources */,
				5D3E3A7F286C8BC10053D597 /* Assets.xcassets in Resources */,
			);
			runOnlyForDeploymentPostprocessing = 0;
		};
		5DBC6E5E2876E5AB00F66586 /* Resources */ = {
			isa = PBXResourcesBuildPhase;
			buildActionMask = 2147483647;
			files = (
				5DBC6E6A2876E5AD00F66586 /* Preview Assets.xcassets in Resources */,
				5DBC6E672876E5AD00F66586 /* Assets.xcassets in Resources */,
			);
			runOnlyForDeploymentPostprocessing = 0;
		};
/* End PBXResourcesBuildPhase section */

/* Begin PBXSourcesBuildPhase section */
		5D3E3A73286C8BC00053D597 /* Sources */ = {
			isa = PBXSourcesBuildPhase;
			buildActionMask = 2147483647;
			files = (
				5D3E3A96286C92130053D597 /* Obture.swift in Sources */,
				5D3E3A98286C92E90053D597 /* Dependencies.swift in Sources */,
				5D3E3AB2286F60A20053D597 /* CameraView.swift in Sources */,
				5DBC6E7C2876E8DE00F66586 /* CameraSession.PhotoTaker.swift in Sources */,
				5D3E3AA6286CA8130053D597 /* PermissionsView.swift in Sources */,
				5D3E3A9D286CA7410053D597 /* CaptureView.swift in Sources */,
				5DAEA45728715D710001791A /* CameraSessionView.swift in Sources */,
				5D3E3AA0286CA7C70053D597 /* Permissions.swift in Sources */,
				5DAEA4552870722B0001791A /* CameraPreviewView.swift in Sources */,
				5D48C47F2876E20B00082591 /* Project.ExporterImpl.swift in Sources */,
				5D3E3A9B286CA73A0053D597 /* Capture.swift in Sources */,
				5D3E3A8F286C8F500053D597 /* GetStartedView.swift in Sources */,
				5D3E3AB0286F5DED0053D597 /* Camera.swift in Sources */,
				5DB31D5C2872F4CE00B159F5 /* Motion.swift in Sources */,
				5D6AB31D286FFDFC0060142B /* CameraSession.swift in Sources */,
				5DBC6E7A2876E81A00F66586 /* CameraSession.SessionConfigurator.swift in Sources */,
				5D48C4812876E2DF00082591 /* Node.CapturedPhotoWriterImpl.swift in Sources */,
				5D3E3A91286C8F8E0053D597 /* GetStarted.swift in Sources */,
				5DAEA453287059500001791A /* SessionConfigurator.swift in Sources */,
				5DB31D592872E19D00B159F5 /* PhotoCaptureDelegate.swift in Sources */,
				5DB31D572872B2A100B159F5 /* CaptureButton.swift in Sources */,
				5D3E3A7B286C8BC00053D597 /* ObtureApp.swift in Sources */,
			);
			runOnlyForDeploymentPostprocessing = 0;
		};
		5DBC6E5C2876E5AB00F66586 /* Sources */ = {
			isa = PBXSourcesBuildPhase;
			buildActionMask = 2147483647;
			files = (
				5DBC6E8F2876F43E00F66586 /* FileSelection.swift in Sources */,
				5DC464CF287769B60069F647 /* Photogrammetry.SessionHolderImpl.swift in Sources */,
				5DBC6E7F2876E98C00F66586 /* Obture.swift in Sources */,
				5DBC6E822876EABE00F66586 /* Setup.swift in Sources */,
				5DC464CD287763540069F647 /* SessionHolder.swift in Sources */,
				5DB15C702877755100A95EFD /* NSImage+PhotogrammetrySession.swift in Sources */,
				5DBC6E912876F4E100F66586 /* FileSelectionView.swift in Sources */,
				5DBC6E862876EACC00F66586 /* SetupView.swift in Sources */,
				5DBC6E8C2876F09000F66586 /* Photogrammetry.swift in Sources */,
				5D497BBA28776DEC009E2E7C /* PhotogrammetryView.swift in Sources */,
				5DBC6E872876ED8F00F66586 /* Dependencies.swift in Sources */,
				5D6A271D2879F96E00D96552 /* PreviewView.swift in Sources */,
				5DBC6E942876F87C00F66586 /* Unpack.swift in Sources */,
				5DBC6E962876FEAF00F66586 /* UnpackView.swift in Sources */,
				5D7E63EE287998F6008D4175 /* ExifMetadataExtract.swift in Sources */,
				5DBC6E632876E5AC00F66586 /* Obture_macOSApp.swift in Sources */,
			);
			runOnlyForDeploymentPostprocessing = 0;
		};
/* End PBXSourcesBuildPhase section */

/* Begin XCBuildConfiguration section */
		5D3E3A83286C8BC10053D597 /* Debug */ = {
			isa = XCBuildConfiguration;
			buildSettings = {
				ALWAYS_SEARCH_USER_PATHS = NO;
				CLANG_ANALYZER_NONNULL = YES;
				CLANG_ANALYZER_NUMBER_OBJECT_CONVERSION = YES_AGGRESSIVE;
				CLANG_CXX_LANGUAGE_STANDARD = "gnu++17";
				CLANG_ENABLE_MODULES = YES;
				CLANG_ENABLE_OBJC_ARC = YES;
				CLANG_ENABLE_OBJC_WEAK = YES;
				CLANG_WARN_BLOCK_CAPTURE_AUTORELEASING = YES;
				CLANG_WARN_BOOL_CONVERSION = YES;
				CLANG_WARN_COMMA = YES;
				CLANG_WARN_CONSTANT_CONVERSION = YES;
				CLANG_WARN_DEPRECATED_OBJC_IMPLEMENTATIONS = YES;
				CLANG_WARN_DIRECT_OBJC_ISA_USAGE = YES_ERROR;
				CLANG_WARN_DOCUMENTATION_COMMENTS = YES;
				CLANG_WARN_EMPTY_BODY = YES;
				CLANG_WARN_ENUM_CONVERSION = YES;
				CLANG_WARN_INFINITE_RECURSION = YES;
				CLANG_WARN_INT_CONVERSION = YES;
				CLANG_WARN_NON_LITERAL_NULL_CONVERSION = YES;
				CLANG_WARN_OBJC_IMPLICIT_RETAIN_SELF = YES;
				CLANG_WARN_OBJC_LITERAL_CONVERSION = YES;
				CLANG_WARN_OBJC_ROOT_CLASS = YES_ERROR;
				CLANG_WARN_QUOTED_INCLUDE_IN_FRAMEWORK_HEADER = YES;
				CLANG_WARN_RANGE_LOOP_ANALYSIS = YES;
				CLANG_WARN_STRICT_PROTOTYPES = YES;
				CLANG_WARN_SUSPICIOUS_MOVE = YES;
				CLANG_WARN_UNGUARDED_AVAILABILITY = YES_AGGRESSIVE;
				CLANG_WARN_UNREACHABLE_CODE = YES;
				CLANG_WARN__DUPLICATE_METHOD_MATCH = YES;
				COPY_PHASE_STRIP = NO;
				DEBUG_INFORMATION_FORMAT = dwarf;
				ENABLE_STRICT_OBJC_MSGSEND = YES;
				ENABLE_TESTABILITY = YES;
				GCC_C_LANGUAGE_STANDARD = gnu11;
				GCC_DYNAMIC_NO_PIC = NO;
				GCC_NO_COMMON_BLOCKS = YES;
				GCC_OPTIMIZATION_LEVEL = 0;
				GCC_PREPROCESSOR_DEFINITIONS = (
					"DEBUG=1",
					"$(inherited)",
				);
				GCC_WARN_64_TO_32_BIT_CONVERSION = YES;
				GCC_WARN_ABOUT_RETURN_TYPE = YES_ERROR;
				GCC_WARN_UNDECLARED_SELECTOR = YES;
				GCC_WARN_UNINITIALIZED_AUTOS = YES_AGGRESSIVE;
				GCC_WARN_UNUSED_FUNCTION = YES;
				GCC_WARN_UNUSED_VARIABLE = YES;
				IPHONEOS_DEPLOYMENT_TARGET = 16.0;
				MTL_ENABLE_DEBUG_INFO = INCLUDE_SOURCE;
				MTL_FAST_MATH = YES;
				ONLY_ACTIVE_ARCH = YES;
				SDKROOT = iphoneos;
				SWIFT_ACTIVE_COMPILATION_CONDITIONS = DEBUG;
				SWIFT_OPTIMIZATION_LEVEL = "-Onone";
			};
			name = Debug;
		};
		5D3E3A84286C8BC10053D597 /* Release */ = {
			isa = XCBuildConfiguration;
			buildSettings = {
				ALWAYS_SEARCH_USER_PATHS = NO;
				CLANG_ANALYZER_NONNULL = YES;
				CLANG_ANALYZER_NUMBER_OBJECT_CONVERSION = YES_AGGRESSIVE;
				CLANG_CXX_LANGUAGE_STANDARD = "gnu++17";
				CLANG_ENABLE_MODULES = YES;
				CLANG_ENABLE_OBJC_ARC = YES;
				CLANG_ENABLE_OBJC_WEAK = YES;
				CLANG_WARN_BLOCK_CAPTURE_AUTORELEASING = YES;
				CLANG_WARN_BOOL_CONVERSION = YES;
				CLANG_WARN_COMMA = YES;
				CLANG_WARN_CONSTANT_CONVERSION = YES;
				CLANG_WARN_DEPRECATED_OBJC_IMPLEMENTATIONS = YES;
				CLANG_WARN_DIRECT_OBJC_ISA_USAGE = YES_ERROR;
				CLANG_WARN_DOCUMENTATION_COMMENTS = YES;
				CLANG_WARN_EMPTY_BODY = YES;
				CLANG_WARN_ENUM_CONVERSION = YES;
				CLANG_WARN_INFINITE_RECURSION = YES;
				CLANG_WARN_INT_CONVERSION = YES;
				CLANG_WARN_NON_LITERAL_NULL_CONVERSION = YES;
				CLANG_WARN_OBJC_IMPLICIT_RETAIN_SELF = YES;
				CLANG_WARN_OBJC_LITERAL_CONVERSION = YES;
				CLANG_WARN_OBJC_ROOT_CLASS = YES_ERROR;
				CLANG_WARN_QUOTED_INCLUDE_IN_FRAMEWORK_HEADER = YES;
				CLANG_WARN_RANGE_LOOP_ANALYSIS = YES;
				CLANG_WARN_STRICT_PROTOTYPES = YES;
				CLANG_WARN_SUSPICIOUS_MOVE = YES;
				CLANG_WARN_UNGUARDED_AVAILABILITY = YES_AGGRESSIVE;
				CLANG_WARN_UNREACHABLE_CODE = YES;
				CLANG_WARN__DUPLICATE_METHOD_MATCH = YES;
				COPY_PHASE_STRIP = NO;
				DEBUG_INFORMATION_FORMAT = "dwarf-with-dsym";
				ENABLE_NS_ASSERTIONS = NO;
				ENABLE_STRICT_OBJC_MSGSEND = YES;
				GCC_C_LANGUAGE_STANDARD = gnu11;
				GCC_NO_COMMON_BLOCKS = YES;
				GCC_WARN_64_TO_32_BIT_CONVERSION = YES;
				GCC_WARN_ABOUT_RETURN_TYPE = YES_ERROR;
				GCC_WARN_UNDECLARED_SELECTOR = YES;
				GCC_WARN_UNINITIALIZED_AUTOS = YES_AGGRESSIVE;
				GCC_WARN_UNUSED_FUNCTION = YES;
				GCC_WARN_UNUSED_VARIABLE = YES;
				IPHONEOS_DEPLOYMENT_TARGET = 16.0;
				MTL_ENABLE_DEBUG_INFO = NO;
				MTL_FAST_MATH = YES;
				SDKROOT = iphoneos;
				SWIFT_COMPILATION_MODE = wholemodule;
				SWIFT_OPTIMIZATION_LEVEL = "-O";
				VALIDATE_PRODUCT = YES;
			};
			name = Release;
		};
		5D3E3A86286C8BC10053D597 /* Debug */ = {
			isa = XCBuildConfiguration;
			buildSettings = {
				ASSETCATALOG_COMPILER_APPICON_NAME = AppIcon;
				ASSETCATALOG_COMPILER_GLOBAL_ACCENT_COLOR_NAME = AccentColor;
				CODE_SIGN_STYLE = Automatic;
				CURRENT_PROJECT_VERSION = 1;
				DEVELOPMENT_ASSET_PATHS = "\"Obture/Preview Content\"";
				DEVELOPMENT_TEAM = 6CX35BBHC2;
				ENABLE_PREVIEWS = YES;
				FRAMEWORK_SEARCH_PATHS = (
					"$(inherited)",
					"$(PROJECT_DIR)",
				);
				GENERATE_INFOPLIST_FILE = YES;
				INFOPLIST_KEY_CFBundleDisplayName = Obture;
				INFOPLIST_KEY_LSApplicationCategoryType = "public.app-category.utilities";
				INFOPLIST_KEY_NSCameraUsageDescription = "To Capture Object";
				INFOPLIST_KEY_UIApplicationSceneManifest_Generation = YES;
				INFOPLIST_KEY_UIApplicationSupportsIndirectInputEvents = YES;
				INFOPLIST_KEY_UILaunchScreen_Generation = YES;
				INFOPLIST_KEY_UISupportedInterfaceOrientations = "UIInterfaceOrientationLandscapeLeft UIInterfaceOrientationLandscapeRight UIInterfaceOrientationPortrait UIInterfaceOrientationPortraitUpsideDown";
				IPHONEOS_DEPLOYMENT_TARGET = 16.0;
				LD_RUNPATH_SEARCH_PATHS = (
					"$(inherited)",
					"@executable_path/Frameworks",
				);
				MARKETING_VERSION = 1.0;
				PRODUCT_BUNDLE_IDENTIFIER = "com.andrykevych.Obture-iOS";
				PRODUCT_NAME = "$(TARGET_NAME)";
				SUPPORTED_PLATFORMS = "iphoneos iphonesimulator";
				SUPPORTS_MACCATALYST = NO;
				SUPPORTS_MAC_DESIGNED_FOR_IPHONE_IPAD = NO;
				SWIFT_EMIT_LOC_STRINGS = YES;
				SWIFT_VERSION = 5.0;
				TARGETED_DEVICE_FAMILY = "1,2";
			};
			name = Debug;
		};
		5D3E3A87286C8BC10053D597 /* Release */ = {
			isa = XCBuildConfiguration;
			buildSettings = {
				ASSETCATALOG_COMPILER_APPICON_NAME = AppIcon;
				ASSETCATALOG_COMPILER_GLOBAL_ACCENT_COLOR_NAME = AccentColor;
				CODE_SIGN_STYLE = Automatic;
				CURRENT_PROJECT_VERSION = 1;
				DEVELOPMENT_ASSET_PATHS = "\"Obture/Preview Content\"";
				DEVELOPMENT_TEAM = 6CX35BBHC2;
				ENABLE_PREVIEWS = YES;
				FRAMEWORK_SEARCH_PATHS = (
					"$(inherited)",
					"$(PROJECT_DIR)",
				);
				GENERATE_INFOPLIST_FILE = YES;
				INFOPLIST_KEY_CFBundleDisplayName = Obture;
				INFOPLIST_KEY_LSApplicationCategoryType = "public.app-category.utilities";
				INFOPLIST_KEY_NSCameraUsageDescription = "To Capture Object";
				INFOPLIST_KEY_UIApplicationSceneManifest_Generation = YES;
				INFOPLIST_KEY_UIApplicationSupportsIndirectInputEvents = YES;
				INFOPLIST_KEY_UILaunchScreen_Generation = YES;
				INFOPLIST_KEY_UISupportedInterfaceOrientations = "UIInterfaceOrientationLandscapeLeft UIInterfaceOrientationLandscapeRight UIInterfaceOrientationPortrait UIInterfaceOrientationPortraitUpsideDown";
				IPHONEOS_DEPLOYMENT_TARGET = 16.0;
				LD_RUNPATH_SEARCH_PATHS = (
					"$(inherited)",
					"@executable_path/Frameworks",
				);
				MARKETING_VERSION = 1.0;
				PRODUCT_BUNDLE_IDENTIFIER = "com.andrykevych.Obture-iOS";
				PRODUCT_NAME = "$(TARGET_NAME)";
				SUPPORTED_PLATFORMS = "iphoneos iphonesimulator";
				SUPPORTS_MACCATALYST = NO;
				SUPPORTS_MAC_DESIGNED_FOR_IPHONE_IPAD = NO;
				SWIFT_EMIT_LOC_STRINGS = YES;
				SWIFT_VERSION = 5.0;
				TARGETED_DEVICE_FAMILY = "1,2";
			};
			name = Release;
		};
		5DBC6E6D2876E5AD00F66586 /* Debug */ = {
			isa = XCBuildConfiguration;
			buildSettings = {
				ASSETCATALOG_COMPILER_APPICON_NAME = AppIcon;
				ASSETCATALOG_COMPILER_GLOBAL_ACCENT_COLOR_NAME = AccentColor;
				CLANG_CXX_LANGUAGE_STANDARD = "gnu++20";
				CODE_SIGN_ENTITLEMENTS = "Obture-macOS/Obture_macOS.entitlements";
				CODE_SIGN_STYLE = Automatic;
				COMBINE_HIDPI_IMAGES = YES;
				CURRENT_PROJECT_VERSION = 1;
				DEVELOPMENT_ASSET_PATHS = "\"Obture-macOS/Preview Content\"";
				DEVELOPMENT_TEAM = 6CX35BBHC2;
				ENABLE_HARDENED_RUNTIME = YES;
				ENABLE_PREVIEWS = YES;
				GENERATE_INFOPLIST_FILE = YES;
				INFOPLIST_KEY_CFBundleDisplayName = Obture;
				INFOPLIST_KEY_LSApplicationCategoryType = "public.app-category.utilities";
				INFOPLIST_KEY_NSHumanReadableCopyright = "";
				LD_RUNPATH_SEARCH_PATHS = (
					"$(inherited)",
					"@executable_path/../Frameworks",
				);
				MACOSX_DEPLOYMENT_TARGET = 13.0;
				MARKETING_VERSION = 1.0;
				PRODUCT_BUNDLE_IDENTIFIER = "com.andrykevych.Obture-macOS";
				PRODUCT_NAME = "$(TARGET_NAME)";
				SDKROOT = macosx;
				SWIFT_EMIT_LOC_STRINGS = YES;
				SWIFT_VERSION = 5.0;
			};
			name = Debug;
		};
		5DBC6E6E2876E5AD00F66586 /* Release */ = {
			isa = XCBuildConfiguration;
			buildSettings = {
				ASSETCATALOG_COMPILER_APPICON_NAME = AppIcon;
				ASSETCATALOG_COMPILER_GLOBAL_ACCENT_COLOR_NAME = AccentColor;
				CLANG_CXX_LANGUAGE_STANDARD = "gnu++20";
				CODE_SIGN_ENTITLEMENTS = "Obture-macOS/Obture_macOS.entitlements";
				CODE_SIGN_STYLE = Automatic;
				COMBINE_HIDPI_IMAGES = YES;
				CURRENT_PROJECT_VERSION = 1;
				DEVELOPMENT_ASSET_PATHS = "\"Obture-macOS/Preview Content\"";
				DEVELOPMENT_TEAM = 6CX35BBHC2;
				ENABLE_HARDENED_RUNTIME = YES;
				ENABLE_PREVIEWS = YES;
				GENERATE_INFOPLIST_FILE = YES;
				INFOPLIST_KEY_CFBundleDisplayName = Obture;
				INFOPLIST_KEY_LSApplicationCategoryType = "public.app-category.utilities";
				INFOPLIST_KEY_NSHumanReadableCopyright = "";
				LD_RUNPATH_SEARCH_PATHS = (
					"$(inherited)",
					"@executable_path/../Frameworks",
				);
				MACOSX_DEPLOYMENT_TARGET = 13.0;
				MARKETING_VERSION = 1.0;
				PRODUCT_BUNDLE_IDENTIFIER = "com.andrykevych.Obture-macOS";
				PRODUCT_NAME = "$(TARGET_NAME)";
				SDKROOT = macosx;
				SWIFT_EMIT_LOC_STRINGS = YES;
				SWIFT_VERSION = 5.0;
			};
			name = Release;
		};
/* End XCBuildConfiguration section */

/* Begin XCConfigurationList section */
		5D3E3A72286C8BC00053D597 /* Build configuration list for PBXProject "Obture" */ = {
			isa = XCConfigurationList;
			buildConfigurations = (
				5D3E3A83286C8BC10053D597 /* Debug */,
				5D3E3A84286C8BC10053D597 /* Release */,
			);
			defaultConfigurationIsVisible = 0;
			defaultConfigurationName = Release;
		};
		5D3E3A85286C8BC10053D597 /* Build configuration list for PBXNativeTarget "Obture" */ = {
			isa = XCConfigurationList;
			buildConfigurations = (
				5D3E3A86286C8BC10053D597 /* Debug */,
				5D3E3A87286C8BC10053D597 /* Release */,
			);
			defaultConfigurationIsVisible = 0;
			defaultConfigurationName = Release;
		};
		5DBC6E6C2876E5AD00F66586 /* Build configuration list for PBXNativeTarget "Obture-macOS" */ = {
			isa = XCConfigurationList;
			buildConfigurations = (
				5DBC6E6D2876E5AD00F66586 /* Debug */,
				5DBC6E6E2876E5AD00F66586 /* Release */,
			);
			defaultConfigurationIsVisible = 0;
			defaultConfigurationName = Release;
		};
/* End XCConfigurationList section */

/* Begin XCRemoteSwiftPackageReference section */
		5D3E3A88286C8DEB0053D597 /* XCRemoteSwiftPackageReference "swift-composable-architecture" */ = {
			isa = XCRemoteSwiftPackageReference;
			repositoryURL = "https://github.com/pointfreeco/swift-composable-architecture.git";
			requirement = {
				kind = upToNextMajorVersion;
				minimumVersion = 0.9.0;
			};
		};
		5DC464C2287727320069F647 /* XCRemoteSwiftPackageReference "ZIPFoundation" */ = {
			isa = XCRemoteSwiftPackageReference;
			repositoryURL = "https://github.com/weichsel/ZIPFoundation.git";
			requirement = {
				kind = upToNextMajorVersion;
				minimumVersion = 0.9.9;
			};
		};
		5DC464C728775FA90069F647 /* XCRemoteSwiftPackageReference "Files" */ = {
			isa = XCRemoteSwiftPackageReference;
			repositoryURL = "https://github.com/JohnSundell/Files";
			requirement = {
				kind = upToNextMajorVersion;
				minimumVersion = 4.0.0;
			};
		};
/* End XCRemoteSwiftPackageReference section */

/* Begin XCSwiftPackageProductDependency section */
		5D3E3A89286C8DEB0053D597 /* ComposableArchitecture */ = {
			isa = XCSwiftPackageProductDependency;
			package = 5D3E3A88286C8DEB0053D597 /* XCRemoteSwiftPackageReference "swift-composable-architecture" */;
			productName = ComposableArchitecture;
		};
		5D4083A22876D9C8000BB24F /* Common */ = {
			isa = XCSwiftPackageProductDependency;
			productName = Common;
		};
		5D4083A42876D9C8000BB24F /* Project */ = {
			isa = XCSwiftPackageProductDependency;
			productName = Project;
		};
		5D48C4822876E31E00082591 /* Node */ = {
			isa = XCSwiftPackageProductDependency;
			productName = Node;
		};
		5D6A2723287A361A00D96552 /* Preview */ = {
			isa = XCSwiftPackageProductDependency;
			productName = Preview;
		};
		5D6A2725287A361A00D96552 /* ViewSettings */ = {
			isa = XCSwiftPackageProductDependency;
			productName = ViewSettings;
		};
		5DBC6E6F2876E5C800F66586 /* Common */ = {
			isa = XCSwiftPackageProductDependency;
			productName = Common;
		};
		5DBC6E712876E5C800F66586 /* Node */ = {
			isa = XCSwiftPackageProductDependency;
			productName = Node;
		};
		5DBC6E732876E5C800F66586 /* Project */ = {
			isa = XCSwiftPackageProductDependency;
			productName = Project;
		};
		5DBC6E752876E5C800F66586 /* ComposableArchitecture */ = {
			isa = XCSwiftPackageProductDependency;
			package = 5D3E3A88286C8DEB0053D597 /* XCRemoteSwiftPackageReference "swift-composable-architecture" */;
			productName = ComposableArchitecture;
		};
		5DC464C3287727320069F647 /* ZIPFoundation */ = {
			isa = XCSwiftPackageProductDependency;
			package = 5DC464C2287727320069F647 /* XCRemoteSwiftPackageReference "ZIPFoundation" */;
			productName = ZIPFoundation;
		};
		5DC464C5287727430069F647 /* ZIPFoundation */ = {
			isa = XCSwiftPackageProductDependency;
			package = 5DC464C2287727320069F647 /* XCRemoteSwiftPackageReference "ZIPFoundation" */;
			productName = ZIPFoundation;
		};
		5DC464CA28775FBE0069F647 /* Files */ = {
			isa = XCSwiftPackageProductDependency;
			package = 5DC464C728775FA90069F647 /* XCRemoteSwiftPackageReference "Files" */;
			productName = Files;
		};
/* End XCSwiftPackageProductDependency section */
	};
	rootObject = 5D3E3A6F286C8BC00053D597 /* Project object */;
}
