// !$*UTF8*$!
{
	archiveVersion = 1;
	classes = {
	};
	objectVersion = 56;
	objects = {

/* Begin PBXBuildFile section */
		5D1DAE3228731FEE00E836AB /* MotionView.swift in Sources */ = {isa = PBXBuildFile; fileRef = 5D1DAE3128731FEE00E836AB /* MotionView.swift */; };
		5D1DAE3528735C1B00E836AB /* NewProject.swift in Sources */ = {isa = PBXBuildFile; fileRef = 5D1DAE3428735C1B00E836AB /* NewProject.swift */; };
		5D1DAE372873600B00E836AB /* Node.swift in Sources */ = {isa = PBXBuildFile; fileRef = 5D1DAE362873600B00E836AB /* Node.swift */; };
		5D1DAE3A287369A700E836AB /* Project.swift in Sources */ = {isa = PBXBuildFile; fileRef = 5D1DAE39287369A700E836AB /* Project.swift */; };
		5D3E3A7B286C8BC00053D597 /* ObtureApp.swift in Sources */ = {isa = PBXBuildFile; fileRef = 5D3E3A7A286C8BC00053D597 /* ObtureApp.swift */; };
		5D3E3A7F286C8BC10053D597 /* Assets.xcassets in Resources */ = {isa = PBXBuildFile; fileRef = 5D3E3A7E286C8BC10053D597 /* Assets.xcassets */; };
		5D3E3A82286C8BC10053D597 /* Preview Assets.xcassets in Resources */ = {isa = PBXBuildFile; fileRef = 5D3E3A81286C8BC10053D597 /* Preview Assets.xcassets */; };
		5D3E3A8A286C8DEB0053D597 /* ComposableArchitecture in Frameworks */ = {isa = PBXBuildFile; productRef = 5D3E3A89286C8DEB0053D597 /* ComposableArchitecture */; };
		5D3E3A8F286C8F500053D597 /* GetStartedView.swift in Sources */ = {isa = PBXBuildFile; fileRef = 5D3E3A8E286C8F500053D597 /* GetStartedView.swift */; };
		5D3E3A91286C8F8E0053D597 /* GetStarted.swift in Sources */ = {isa = PBXBuildFile; fileRef = 5D3E3A90286C8F8E0053D597 /* GetStarted.swift */; };
		5D3E3A94286C91750053D597 /* Resolver.swift in Sources */ = {isa = PBXBuildFile; fileRef = 5D3E3A93286C91750053D597 /* Resolver.swift */; };
		5D3E3A96286C92130053D597 /* Obture.swift in Sources */ = {isa = PBXBuildFile; fileRef = 5D3E3A95286C92130053D597 /* Obture.swift */; };
		5D3E3A98286C92E90053D597 /* Dependencies.swift in Sources */ = {isa = PBXBuildFile; fileRef = 5D3E3A97286C92E90053D597 /* Dependencies.swift */; };
		5D3E3A9B286CA73A0053D597 /* Capture.swift in Sources */ = {isa = PBXBuildFile; fileRef = 5D3E3A9A286CA73A0053D597 /* Capture.swift */; };
		5D3E3A9D286CA7410053D597 /* CaptureView.swift in Sources */ = {isa = PBXBuildFile; fileRef = 5D3E3A9C286CA7410053D597 /* CaptureView.swift */; };
		5D3E3AA0286CA7C70053D597 /* Permissions.swift in Sources */ = {isa = PBXBuildFile; fileRef = 5D3E3A9F286CA7C70053D597 /* Permissions.swift */; };
		5D3E3AA6286CA8130053D597 /* PermissionsView.swift in Sources */ = {isa = PBXBuildFile; fileRef = 5D3E3AA5286CA8130053D597 /* PermissionsView.swift */; };
		5D3E3AA9286F3F0D0053D597 /* effect.swift in Sources */ = {isa = PBXBuildFile; fileRef = 5D3E3AA8286F3F0D0053D597 /* effect.swift */; };
		5D3E3AB0286F5DED0053D597 /* Camera.swift in Sources */ = {isa = PBXBuildFile; fileRef = 5D3E3AAF286F5DED0053D597 /* Camera.swift */; };
		5D3E3AB2286F60A20053D597 /* CameraView.swift in Sources */ = {isa = PBXBuildFile; fileRef = 5D3E3AB1286F60A20053D597 /* CameraView.swift */; };
		5D6AB31D286FFDFC0060142B /* CameraSession.swift in Sources */ = {isa = PBXBuildFile; fileRef = 5D6AB31C286FFDFC0060142B /* CameraSession.swift */; };
		5DAEA453287059500001791A /* SessionConfigurator.swift in Sources */ = {isa = PBXBuildFile; fileRef = 5DAEA452287059500001791A /* SessionConfigurator.swift */; };
		5DAEA4552870722B0001791A /* CameraPreviewView.swift in Sources */ = {isa = PBXBuildFile; fileRef = 5DAEA4542870722B0001791A /* CameraPreviewView.swift */; };
		5DAEA45728715D710001791A /* CameraSessionView.swift in Sources */ = {isa = PBXBuildFile; fileRef = 5DAEA45628715D710001791A /* CameraSessionView.swift */; };
		5DB31D572872B2A100B159F5 /* CaptureButton.swift in Sources */ = {isa = PBXBuildFile; fileRef = 5DB31D562872B2A100B159F5 /* CaptureButton.swift */; };
		5DB31D592872E19D00B159F5 /* PhotoCaptureDelegate.swift in Sources */ = {isa = PBXBuildFile; fileRef = 5DB31D582872E19D00B159F5 /* PhotoCaptureDelegate.swift */; };
		5DB31D5C2872F4CE00B159F5 /* Motion.swift in Sources */ = {isa = PBXBuildFile; fileRef = 5DB31D5B2872F4CE00B159F5 /* Motion.swift */; };
/* End PBXBuildFile section */

/* Begin PBXFileReference section */
		5D1DAE3128731FEE00E836AB /* MotionView.swift */ = {isa = PBXFileReference; lastKnownFileType = sourcecode.swift; path = MotionView.swift; sourceTree = "<group>"; };
		5D1DAE3428735C1B00E836AB /* NewProject.swift */ = {isa = PBXFileReference; lastKnownFileType = sourcecode.swift; path = NewProject.swift; sourceTree = "<group>"; };
		5D1DAE362873600B00E836AB /* Node.swift */ = {isa = PBXFileReference; lastKnownFileType = sourcecode.swift; path = Node.swift; sourceTree = "<group>"; };
		5D1DAE382873651300E836AB /* Readme.md */ = {isa = PBXFileReference; lastKnownFileType = net.daringfireball.markdown; path = Readme.md; sourceTree = "<group>"; };
		5D1DAE39287369A700E836AB /* Project.swift */ = {isa = PBXFileReference; lastKnownFileType = sourcecode.swift; path = Project.swift; sourceTree = "<group>"; };
		5D3E3A77286C8BC00053D597 /* Obture.app */ = {isa = PBXFileReference; explicitFileType = wrapper.application; includeInIndex = 0; path = Obture.app; sourceTree = BUILT_PRODUCTS_DIR; };
		5D3E3A7A286C8BC00053D597 /* ObtureApp.swift */ = {isa = PBXFileReference; lastKnownFileType = sourcecode.swift; path = ObtureApp.swift; sourceTree = "<group>"; };
		5D3E3A7E286C8BC10053D597 /* Assets.xcassets */ = {isa = PBXFileReference; lastKnownFileType = folder.assetcatalog; path = Assets.xcassets; sourceTree = "<group>"; };
		5D3E3A81286C8BC10053D597 /* Preview Assets.xcassets */ = {isa = PBXFileReference; lastKnownFileType = folder.assetcatalog; path = "Preview Assets.xcassets"; sourceTree = "<group>"; };
		5D3E3A8E286C8F500053D597 /* GetStartedView.swift */ = {isa = PBXFileReference; lastKnownFileType = sourcecode.swift; path = GetStartedView.swift; sourceTree = "<group>"; };
		5D3E3A90286C8F8E0053D597 /* GetStarted.swift */ = {isa = PBXFileReference; lastKnownFileType = sourcecode.swift; path = GetStarted.swift; sourceTree = "<group>"; };
		5D3E3A93286C91750053D597 /* Resolver.swift */ = {isa = PBXFileReference; lastKnownFileType = sourcecode.swift; path = Resolver.swift; sourceTree = "<group>"; };
		5D3E3A95286C92130053D597 /* Obture.swift */ = {isa = PBXFileReference; lastKnownFileType = sourcecode.swift; path = Obture.swift; sourceTree = "<group>"; };
		5D3E3A97286C92E90053D597 /* Dependencies.swift */ = {isa = PBXFileReference; lastKnownFileType = sourcecode.swift; path = Dependencies.swift; sourceTree = "<group>"; };
		5D3E3A9A286CA73A0053D597 /* Capture.swift */ = {isa = PBXFileReference; lastKnownFileType = sourcecode.swift; path = Capture.swift; sourceTree = "<group>"; };
		5D3E3A9C286CA7410053D597 /* CaptureView.swift */ = {isa = PBXFileReference; lastKnownFileType = sourcecode.swift; path = CaptureView.swift; sourceTree = "<group>"; };
		5D3E3A9F286CA7C70053D597 /* Permissions.swift */ = {isa = PBXFileReference; lastKnownFileType = sourcecode.swift; path = Permissions.swift; sourceTree = "<group>"; };
		5D3E3AA5286CA8130053D597 /* PermissionsView.swift */ = {isa = PBXFileReference; lastKnownFileType = sourcecode.swift; path = PermissionsView.swift; sourceTree = "<group>"; };
		5D3E3AA8286F3F0D0053D597 /* effect.swift */ = {isa = PBXFileReference; lastKnownFileType = sourcecode.swift; path = effect.swift; sourceTree = "<group>"; };
		5D3E3AAF286F5DED0053D597 /* Camera.swift */ = {isa = PBXFileReference; lastKnownFileType = sourcecode.swift; path = Camera.swift; sourceTree = "<group>"; };
		5D3E3AB1286F60A20053D597 /* CameraView.swift */ = {isa = PBXFileReference; lastKnownFileType = sourcecode.swift; path = CameraView.swift; sourceTree = "<group>"; };
		5D6AB31C286FFDFC0060142B /* CameraSession.swift */ = {isa = PBXFileReference; lastKnownFileType = sourcecode.swift; path = CameraSession.swift; sourceTree = "<group>"; };
		5DAEA452287059500001791A /* SessionConfigurator.swift */ = {isa = PBXFileReference; lastKnownFileType = sourcecode.swift; path = SessionConfigurator.swift; sourceTree = "<group>"; };
		5DAEA4542870722B0001791A /* CameraPreviewView.swift */ = {isa = PBXFileReference; lastKnownFileType = sourcecode.swift; path = CameraPreviewView.swift; sourceTree = "<group>"; };
		5DAEA45628715D710001791A /* CameraSessionView.swift */ = {isa = PBXFileReference; lastKnownFileType = sourcecode.swift; path = CameraSessionView.swift; sourceTree = "<group>"; };
		5DB31D562872B2A100B159F5 /* CaptureButton.swift */ = {isa = PBXFileReference; lastKnownFileType = sourcecode.swift; path = CaptureButton.swift; sourceTree = "<group>"; };
		5DB31D582872E19D00B159F5 /* PhotoCaptureDelegate.swift */ = {isa = PBXFileReference; lastKnownFileType = sourcecode.swift; path = PhotoCaptureDelegate.swift; sourceTree = "<group>"; };
		5DB31D5B2872F4CE00B159F5 /* Motion.swift */ = {isa = PBXFileReference; lastKnownFileType = sourcecode.swift; path = Motion.swift; sourceTree = "<group>"; };
/* End PBXFileReference section */

/* Begin PBXFrameworksBuildPhase section */
		5D3E3A74286C8BC00053D597 /* Frameworks */ = {
			isa = PBXFrameworksBuildPhase;
			buildActionMask = 2147483647;
			files = (
				5D3E3A8A286C8DEB0053D597 /* ComposableArchitecture in Frameworks */,
			);
			runOnlyForDeploymentPostprocessing = 0;
		};
/* End PBXFrameworksBuildPhase section */

/* Begin PBXGroup section */
		5D1DAE3328735C0600E836AB /* Project */ = {
			isa = PBXGroup;
			children = (
				5D1DAE39287369A700E836AB /* Project.swift */,
				5D1DAE3428735C1B00E836AB /* NewProject.swift */,
				5D1DAE362873600B00E836AB /* Node.swift */,
			);
			path = Project;
			sourceTree = "<group>";
		};
		5D3E3A6E286C8BC00053D597 = {
			isa = PBXGroup;
			children = (
				5D1DAE382873651300E836AB /* Readme.md */,
				5D3E3A79286C8BC00053D597 /* Obture */,
				5D3E3A78286C8BC00053D597 /* Products */,
			);
			sourceTree = "<group>";
		};
		5D3E3A78286C8BC00053D597 /* Products */ = {
			isa = PBXGroup;
			children = (
				5D3E3A77286C8BC00053D597 /* Obture.app */,
			);
			name = Products;
			sourceTree = "<group>";
		};
		5D3E3A79286C8BC00053D597 /* Obture */ = {
			isa = PBXGroup;
			children = (
				5D3E3A95286C92130053D597 /* Obture.swift */,
				5D3E3A97286C92E90053D597 /* Dependencies.swift */,
				5D3E3A7A286C8BC00053D597 /* ObtureApp.swift */,
				5D3E3A92286C916B0053D597 /* Common */,
				5D3E3A8C286C8F140053D597 /* Feature */,
				5D3E3A7E286C8BC10053D597 /* Assets.xcassets */,
				5D3E3A80286C8BC10053D597 /* Preview Content */,
			);
			path = Obture;
			sourceTree = "<group>";
		};
		5D3E3A80286C8BC10053D597 /* Preview Content */ = {
			isa = PBXGroup;
			children = (
				5D3E3A81286C8BC10053D597 /* Preview Assets.xcassets */,
			);
			path = "Preview Content";
			sourceTree = "<group>";
		};
		5D3E3A8C286C8F140053D597 /* Feature */ = {
			isa = PBXGroup;
			children = (
				5D3E3A99286CA7260053D597 /* Capture */,
				5D3E3A8D286C8F240053D597 /* GetStarted */,
			);
			path = Feature;
			sourceTree = "<group>";
		};
		5D3E3A8D286C8F240053D597 /* GetStarted */ = {
			isa = PBXGroup;
			children = (
				5D3E3A90286C8F8E0053D597 /* GetStarted.swift */,
				5D3E3A8E286C8F500053D597 /* GetStartedView.swift */,
			);
			path = GetStarted;
			sourceTree = "<group>";
		};
		5D3E3A92286C916B0053D597 /* Common */ = {
			isa = PBXGroup;
			children = (
				5D3E3A93286C91750053D597 /* Resolver.swift */,
				5D3E3AA8286F3F0D0053D597 /* effect.swift */,
			);
			path = Common;
			sourceTree = "<group>";
		};
		5D3E3A99286CA7260053D597 /* Capture */ = {
			isa = PBXGroup;
			children = (
				5D3E3A9A286CA73A0053D597 /* Capture.swift */,
				5D3E3A9C286CA7410053D597 /* CaptureView.swift */,
				5DB31D562872B2A100B159F5 /* CaptureButton.swift */,
				5D3E3AAE286F5DDF0053D597 /* Camera */,
				5DB31D5A2872F4C200B159F5 /* Motion */,
				5D1DAE3328735C0600E836AB /* Project */,
			);
			path = Capture;
			sourceTree = "<group>";
		};
		5D3E3AAE286F5DDF0053D597 /* Camera */ = {
			isa = PBXGroup;
			children = (
				5D3E3AAF286F5DED0053D597 /* Camera.swift */,
				5D3E3AB1286F60A20053D597 /* CameraView.swift */,
				5D6AB31C286FFDFC0060142B /* CameraSession.swift */,
				5DAEA45628715D710001791A /* CameraSessionView.swift */,
				5DAEA452287059500001791A /* SessionConfigurator.swift */,
				5D3E3A9F286CA7C70053D597 /* Permissions.swift */,
				5D3E3AA5286CA8130053D597 /* PermissionsView.swift */,
				5DAEA4542870722B0001791A /* CameraPreviewView.swift */,
				5DB31D582872E19D00B159F5 /* PhotoCaptureDelegate.swift */,
			);
			path = Camera;
			sourceTree = "<group>";
		};
		5DB31D5A2872F4C200B159F5 /* Motion */ = {
			isa = PBXGroup;
			children = (
				5DB31D5B2872F4CE00B159F5 /* Motion.swift */,
				5D1DAE3128731FEE00E836AB /* MotionView.swift */,
			);
			path = Motion;
			sourceTree = "<group>";
		};
/* End PBXGroup section */

/* Begin PBXNativeTarget section */
		5D3E3A76286C8BC00053D597 /* Obture */ = {
			isa = PBXNativeTarget;
			buildConfigurationList = 5D3E3A85286C8BC10053D597 /* Build configuration list for PBXNativeTarget "Obture" */;
			buildPhases = (
				5D3E3A73286C8BC00053D597 /* Sources */,
				5D3E3A74286C8BC00053D597 /* Frameworks */,
				5D3E3A75286C8BC00053D597 /* Resources */,
			);
			buildRules = (
			);
			dependencies = (
			);
			name = Obture;
			packageProductDependencies = (
				5D3E3A89286C8DEB0053D597 /* ComposableArchitecture */,
			);
			productName = Obture;
			productReference = 5D3E3A77286C8BC00053D597 /* Obture.app */;
			productType = "com.apple.product-type.application";
		};
/* End PBXNativeTarget section */

/* Begin PBXProject section */
		5D3E3A6F286C8BC00053D597 /* Project object */ = {
			isa = PBXProject;
			attributes = {
				BuildIndependentTargetsInParallel = 1;
				LastSwiftUpdateCheck = 1400;
				LastUpgradeCheck = 1400;
				TargetAttributes = {
					5D3E3A76286C8BC00053D597 = {
						CreatedOnToolsVersion = 14.0;
					};
				};
			};
			buildConfigurationList = 5D3E3A72286C8BC00053D597 /* Build configuration list for PBXProject "Obture" */;
			compatibilityVersion = "Xcode 14.0";
			developmentRegion = en;
			hasScannedForEncodings = 0;
			knownRegions = (
				en,
				Base,
			);
			mainGroup = 5D3E3A6E286C8BC00053D597;
			packageReferences = (
				5D3E3A88286C8DEB0053D597 /* XCRemoteSwiftPackageReference "swift-composable-architecture" */,
			);
			productRefGroup = 5D3E3A78286C8BC00053D597 /* Products */;
			projectDirPath = "";
			projectRoot = "";
			targets = (
				5D3E3A76286C8BC00053D597 /* Obture */,
			);
		};
/* End PBXProject section */

/* Begin PBXResourcesBuildPhase section */
		5D3E3A75286C8BC00053D597 /* Resources */ = {
			isa = PBXResourcesBuildPhase;
			buildActionMask = 2147483647;
			files = (
				5D3E3A82286C8BC10053D597 /* Preview Assets.xcassets in Resources */,
				5D3E3A7F286C8BC10053D597 /* Assets.xcassets in Resources */,
			);
			runOnlyForDeploymentPostprocessing = 0;
		};
/* End PBXResourcesBuildPhase section */

/* Begin PBXSourcesBuildPhase section */
		5D3E3A73286C8BC00053D597 /* Sources */ = {
			isa = PBXSourcesBuildPhase;
			buildActionMask = 2147483647;
			files = (
				5D3E3A98286C92E90053D597 /* Dependencies.swift in Sources */,
				5D3E3AB2286F60A20053D597 /* CameraView.swift in Sources */,
				5D3E3A94286C91750053D597 /* Resolver.swift in Sources */,
				5D3E3AA6286CA8130053D597 /* PermissionsView.swift in Sources */,
				5D3E3A9D286CA7410053D597 /* CaptureView.swift in Sources */,
				5D3E3AA9286F3F0D0053D597 /* effect.swift in Sources */,
				5DAEA45728715D710001791A /* CameraSessionView.swift in Sources */,
				5D1DAE3528735C1B00E836AB /* NewProject.swift in Sources */,
				5D3E3AA0286CA7C70053D597 /* Permissions.swift in Sources */,
				5D1DAE372873600B00E836AB /* Node.swift in Sources */,
				5D3E3A96286C92130053D597 /* Obture.swift in Sources */,
				5D1DAE3228731FEE00E836AB /* MotionView.swift in Sources */,
				5DAEA4552870722B0001791A /* CameraPreviewView.swift in Sources */,
				5D3E3A9B286CA73A0053D597 /* Capture.swift in Sources */,
				5D3E3A8F286C8F500053D597 /* GetStartedView.swift in Sources */,
				5D3E3AB0286F5DED0053D597 /* Camera.swift in Sources */,
				5DB31D5C2872F4CE00B159F5 /* Motion.swift in Sources */,
				5D6AB31D286FFDFC0060142B /* CameraSession.swift in Sources */,
				5D3E3A91286C8F8E0053D597 /* GetStarted.swift in Sources */,
				5DAEA453287059500001791A /* SessionConfigurator.swift in Sources */,
				5DB31D592872E19D00B159F5 /* PhotoCaptureDelegate.swift in Sources */,
				5DB31D572872B2A100B159F5 /* CaptureButton.swift in Sources */,
				5D3E3A7B286C8BC00053D597 /* ObtureApp.swift in Sources */,
				5D1DAE3A287369A700E836AB /* Project.swift in Sources */,
			);
			runOnlyForDeploymentPostprocessing = 0;
		};
/* End PBXSourcesBuildPhase section */

/* Begin XCBuildConfiguration section */
		5D3E3A83286C8BC10053D597 /* Debug */ = {
			isa = XCBuildConfiguration;
			buildSettings = {
				ALWAYS_SEARCH_USER_PATHS = NO;
				CLANG_ANALYZER_NONNULL = YES;
				CLANG_ANALYZER_NUMBER_OBJECT_CONVERSION = YES_AGGRESSIVE;
				CLANG_CXX_LANGUAGE_STANDARD = "gnu++17";
				CLANG_ENABLE_MODULES = YES;
				CLANG_ENABLE_OBJC_ARC = YES;
				CLANG_ENABLE_OBJC_WEAK = YES;
				CLANG_WARN_BLOCK_CAPTURE_AUTORELEASING = YES;
				CLANG_WARN_BOOL_CONVERSION = YES;
				CLANG_WARN_COMMA = YES;
				CLANG_WARN_CONSTANT_CONVERSION = YES;
				CLANG_WARN_DEPRECATED_OBJC_IMPLEMENTATIONS = YES;
				CLANG_WARN_DIRECT_OBJC_ISA_USAGE = YES_ERROR;
				CLANG_WARN_DOCUMENTATION_COMMENTS = YES;
				CLANG_WARN_EMPTY_BODY = YES;
				CLANG_WARN_ENUM_CONVERSION = YES;
				CLANG_WARN_INFINITE_RECURSION = YES;
				CLANG_WARN_INT_CONVERSION = YES;
				CLANG_WARN_NON_LITERAL_NULL_CONVERSION = YES;
				CLANG_WARN_OBJC_IMPLICIT_RETAIN_SELF = YES;
				CLANG_WARN_OBJC_LITERAL_CONVERSION = YES;
				CLANG_WARN_OBJC_ROOT_CLASS = YES_ERROR;
				CLANG_WARN_QUOTED_INCLUDE_IN_FRAMEWORK_HEADER = YES;
				CLANG_WARN_RANGE_LOOP_ANALYSIS = YES;
				CLANG_WARN_STRICT_PROTOTYPES = YES;
				CLANG_WARN_SUSPICIOUS_MOVE = YES;
				CLANG_WARN_UNGUARDED_AVAILABILITY = YES_AGGRESSIVE;
				CLANG_WARN_UNREACHABLE_CODE = YES;
				CLANG_WARN__DUPLICATE_METHOD_MATCH = YES;
				COPY_PHASE_STRIP = NO;
				DEBUG_INFORMATION_FORMAT = dwarf;
				ENABLE_STRICT_OBJC_MSGSEND = YES;
				ENABLE_TESTABILITY = YES;
				GCC_C_LANGUAGE_STANDARD = gnu11;
				GCC_DYNAMIC_NO_PIC = NO;
				GCC_NO_COMMON_BLOCKS = YES;
				GCC_OPTIMIZATION_LEVEL = 0;
				GCC_PREPROCESSOR_DEFINITIONS = (
					"DEBUG=1",
					"$(inherited)",
				);
				GCC_WARN_64_TO_32_BIT_CONVERSION = YES;
				GCC_WARN_ABOUT_RETURN_TYPE = YES_ERROR;
				GCC_WARN_UNDECLARED_SELECTOR = YES;
				GCC_WARN_UNINITIALIZED_AUTOS = YES_AGGRESSIVE;
				GCC_WARN_UNUSED_FUNCTION = YES;
				GCC_WARN_UNUSED_VARIABLE = YES;
				IPHONEOS_DEPLOYMENT_TARGET = 16.0;
				MTL_ENABLE_DEBUG_INFO = INCLUDE_SOURCE;
				MTL_FAST_MATH = YES;
				ONLY_ACTIVE_ARCH = YES;
				SDKROOT = iphoneos;
				SWIFT_ACTIVE_COMPILATION_CONDITIONS = DEBUG;
				SWIFT_OPTIMIZATION_LEVEL = "-Onone";
			};
			name = Debug;
		};
		5D3E3A84286C8BC10053D597 /* Release */ = {
			isa = XCBuildConfiguration;
			buildSettings = {
				ALWAYS_SEARCH_USER_PATHS = NO;
				CLANG_ANALYZER_NONNULL = YES;
				CLANG_ANALYZER_NUMBER_OBJECT_CONVERSION = YES_AGGRESSIVE;
				CLANG_CXX_LANGUAGE_STANDARD = "gnu++17";
				CLANG_ENABLE_MODULES = YES;
				CLANG_ENABLE_OBJC_ARC = YES;
				CLANG_ENABLE_OBJC_WEAK = YES;
				CLANG_WARN_BLOCK_CAPTURE_AUTORELEASING = YES;
				CLANG_WARN_BOOL_CONVERSION = YES;
				CLANG_WARN_COMMA = YES;
				CLANG_WARN_CONSTANT_CONVERSION = YES;
				CLANG_WARN_DEPRECATED_OBJC_IMPLEMENTATIONS = YES;
				CLANG_WARN_DIRECT_OBJC_ISA_USAGE = YES_ERROR;
				CLANG_WARN_DOCUMENTATION_COMMENTS = YES;
				CLANG_WARN_EMPTY_BODY = YES;
				CLANG_WARN_ENUM_CONVERSION = YES;
				CLANG_WARN_INFINITE_RECURSION = YES;
				CLANG_WARN_INT_CONVERSION = YES;
				CLANG_WARN_NON_LITERAL_NULL_CONVERSION = YES;
				CLANG_WARN_OBJC_IMPLICIT_RETAIN_SELF = YES;
				CLANG_WARN_OBJC_LITERAL_CONVERSION = YES;
				CLANG_WARN_OBJC_ROOT_CLASS = YES_ERROR;
				CLANG_WARN_QUOTED_INCLUDE_IN_FRAMEWORK_HEADER = YES;
				CLANG_WARN_RANGE_LOOP_ANALYSIS = YES;
				CLANG_WARN_STRICT_PROTOTYPES = YES;
				CLANG_WARN_SUSPICIOUS_MOVE = YES;
				CLANG_WARN_UNGUARDED_AVAILABILITY = YES_AGGRESSIVE;
				CLANG_WARN_UNREACHABLE_CODE = YES;
				CLANG_WARN__DUPLICATE_METHOD_MATCH = YES;
				COPY_PHASE_STRIP = NO;
				DEBUG_INFORMATION_FORMAT = "dwarf-with-dsym";
				ENABLE_NS_ASSERTIONS = NO;
				ENABLE_STRICT_OBJC_MSGSEND = YES;
				GCC_C_LANGUAGE_STANDARD = gnu11;
				GCC_NO_COMMON_BLOCKS = YES;
				GCC_WARN_64_TO_32_BIT_CONVERSION = YES;
				GCC_WARN_ABOUT_RETURN_TYPE = YES_ERROR;
				GCC_WARN_UNDECLARED_SELECTOR = YES;
				GCC_WARN_UNINITIALIZED_AUTOS = YES_AGGRESSIVE;
				GCC_WARN_UNUSED_FUNCTION = YES;
				GCC_WARN_UNUSED_VARIABLE = YES;
				IPHONEOS_DEPLOYMENT_TARGET = 16.0;
				MTL_ENABLE_DEBUG_INFO = NO;
				MTL_FAST_MATH = YES;
				SDKROOT = iphoneos;
				SWIFT_COMPILATION_MODE = wholemodule;
				SWIFT_OPTIMIZATION_LEVEL = "-O";
				VALIDATE_PRODUCT = YES;
			};
			name = Release;
		};
		5D3E3A86286C8BC10053D597 /* Debug */ = {
			isa = XCBuildConfiguration;
			buildSettings = {
				ASSETCATALOG_COMPILER_APPICON_NAME = AppIcon;
				ASSETCATALOG_COMPILER_GLOBAL_ACCENT_COLOR_NAME = AccentColor;
				CODE_SIGN_STYLE = Automatic;
				CURRENT_PROJECT_VERSION = 1;
				DEVELOPMENT_ASSET_PATHS = "\"Obture/Preview Content\"";
				DEVELOPMENT_TEAM = 6CX35BBHC2;
				ENABLE_PREVIEWS = YES;
				GENERATE_INFOPLIST_FILE = YES;
				INFOPLIST_KEY_LSApplicationCategoryType = "public.app-category.utilities";
				INFOPLIST_KEY_NSCameraUsageDescription = "To Capture Object";
				INFOPLIST_KEY_UIApplicationSceneManifest_Generation = YES;
				INFOPLIST_KEY_UIApplicationSupportsIndirectInputEvents = YES;
				INFOPLIST_KEY_UILaunchScreen_Generation = YES;
				INFOPLIST_KEY_UISupportedInterfaceOrientations = "UIInterfaceOrientationLandscapeLeft UIInterfaceOrientationLandscapeRight UIInterfaceOrientationPortrait UIInterfaceOrientationPortraitUpsideDown";
				LD_RUNPATH_SEARCH_PATHS = (
					"$(inherited)",
					"@executable_path/Frameworks",
				);
				MARKETING_VERSION = 1.0;
				PRODUCT_BUNDLE_IDENTIFIER = com.andrykevych.Obture;
				PRODUCT_NAME = "$(TARGET_NAME)";
				SWIFT_EMIT_LOC_STRINGS = YES;
				SWIFT_VERSION = 5.0;
				TARGETED_DEVICE_FAMILY = "1,2";
			};
			name = Debug;
		};
		5D3E3A87286C8BC10053D597 /* Release */ = {
			isa = XCBuildConfiguration;
			buildSettings = {
				ASSETCATALOG_COMPILER_APPICON_NAME = AppIcon;
				ASSETCATALOG_COMPILER_GLOBAL_ACCENT_COLOR_NAME = AccentColor;
				CODE_SIGN_STYLE = Automatic;
				CURRENT_PROJECT_VERSION = 1;
				DEVELOPMENT_ASSET_PATHS = "\"Obture/Preview Content\"";
				DEVELOPMENT_TEAM = 6CX35BBHC2;
				ENABLE_PREVIEWS = YES;
				GENERATE_INFOPLIST_FILE = YES;
				INFOPLIST_KEY_LSApplicationCategoryType = "public.app-category.utilities";
				INFOPLIST_KEY_NSCameraUsageDescription = "To Capture Object";
				INFOPLIST_KEY_UIApplicationSceneManifest_Generation = YES;
				INFOPLIST_KEY_UIApplicationSupportsIndirectInputEvents = YES;
				INFOPLIST_KEY_UILaunchScreen_Generation = YES;
				INFOPLIST_KEY_UISupportedInterfaceOrientations = "UIInterfaceOrientationLandscapeLeft UIInterfaceOrientationLandscapeRight UIInterfaceOrientationPortrait UIInterfaceOrientationPortraitUpsideDown";
				LD_RUNPATH_SEARCH_PATHS = (
					"$(inherited)",
					"@executable_path/Frameworks",
				);
				MARKETING_VERSION = 1.0;
				PRODUCT_BUNDLE_IDENTIFIER = com.andrykevych.Obture;
				PRODUCT_NAME = "$(TARGET_NAME)";
				SWIFT_EMIT_LOC_STRINGS = YES;
				SWIFT_VERSION = 5.0;
				TARGETED_DEVICE_FAMILY = "1,2";
			};
			name = Release;
		};
/* End XCBuildConfiguration section */

/* Begin XCConfigurationList section */
		5D3E3A72286C8BC00053D597 /* Build configuration list for PBXProject "Obture" */ = {
			isa = XCConfigurationList;
			buildConfigurations = (
				5D3E3A83286C8BC10053D597 /* Debug */,
				5D3E3A84286C8BC10053D597 /* Release */,
			);
			defaultConfigurationIsVisible = 0;
			defaultConfigurationName = Release;
		};
		5D3E3A85286C8BC10053D597 /* Build configuration list for PBXNativeTarget "Obture" */ = {
			isa = XCConfigurationList;
			buildConfigurations = (
				5D3E3A86286C8BC10053D597 /* Debug */,
				5D3E3A87286C8BC10053D597 /* Release */,
			);
			defaultConfigurationIsVisible = 0;
			defaultConfigurationName = Release;
		};
/* End XCConfigurationList section */

/* Begin XCRemoteSwiftPackageReference section */
		5D3E3A88286C8DEB0053D597 /* XCRemoteSwiftPackageReference "swift-composable-architecture" */ = {
			isa = XCRemoteSwiftPackageReference;
			repositoryURL = "https://github.com/pointfreeco/swift-composable-architecture.git";
			requirement = {
				kind = upToNextMajorVersion;
				minimumVersion = 0.9.0;
			};
		};
/* End XCRemoteSwiftPackageReference section */

/* Begin XCSwiftPackageProductDependency section */
		5D3E3A89286C8DEB0053D597 /* ComposableArchitecture */ = {
			isa = XCSwiftPackageProductDependency;
			package = 5D3E3A88286C8DEB0053D597 /* XCRemoteSwiftPackageReference "swift-composable-architecture" */;
			productName = ComposableArchitecture;
		};
/* End XCSwiftPackageProductDependency section */
	};
	rootObject = 5D3E3A6F286C8BC00053D597 /* Project object */;
}
